
Microsoft Visual Studio Solution File, Format Version 12.00
# Visual Studio Version 16
VisualStudioVersion = 16.0.31205.134
MinimumVisualStudioVersion = 10.0.40219.1
Project("{FAE04EC0-301F-11D3-BF4B-00C04F79EFBC}") = "MixerReportsServer", "MixerReportsServer\MixerReportsServer.csproj", "{A026183E-A5A9-414E-B22D-3469A9597BEA}"
EndProject
Global
	GlobalSection(SolutionConfigurationPlatforms) = preSolution
		Debug|Any CPU = Debug|Any CPU
		Release|Any CPU = Release|Any CPU
	EndGlobalSection
	GlobalSection(ProjectConfigurationPlatforms) = postSolution
		{A026183E-A5A9-414E-B22D-3469A9597BEA}.Debug|Any CPU.ActiveCfg = Debug|Any CPU
		{A026183E-A5A9-414E-B22D-3469A9597BEA}.Debug|Any CPU.Build.0 = Debug|Any CPU
		{A026183E-A5A9-414E-B22D-3469A9597BEA}.Release|Any CPU.ActiveCfg = Release|Any CPU
		{A026183E-A5A9-414E-B22D-3469A9597BEA}.Release|Any CPU.Build.0 = Release|Any CPU
	EndGlobalSection
	GlobalSection(SolutionProperties) = preSolution
		HideSolutionNode = FALSE
	EndGlobalSection
	GlobalSection(ExtensibilityGlobals) = postSolution
		SolutionGuid = {6F3E1FE1-C859-47E0-8A33-F291BEBC3573}
	EndGlobalSection
EndGlobal
