
Microsoft Visual Studio Solution File, Format Version 12.00
# Visual Studio Version 16
VisualStudioVersion = 16.0.31205.134
MinimumVisualStudioVersion = 10.0.40219.1
Project("{9A19103F-16F7-4668-BE54-9A1E7A4F7556}") = "MixerReportsServer", "MixerReportsServer\MixerReportsServer.csproj", "{A026183E-A5A9-414E-B22D-3469A9597BEA}"
EndProject
Project("{9A19103F-16F7-4668-BE54-9A1E7A4F7556}") = "MixerReports.lib", "MixerReports.lib\MixerReports.lib.csproj", "{708E9ACE-6E4C-45B6-B48A-9B5B5AC43EFD}"
EndProject
Project("{2150E333-8FDC-42A3-9474-1A3956D46DE8}") = "Tests", "Tests", "{453C7D5A-BB30-48F6-B898-B66F09454F6D}"
EndProject
Project("{9A19103F-16F7-4668-BE54-9A1E7A4F7556}") = "ConsoleAppMixerReports", "ConsoleAppMixerReports\ConsoleAppMixerReports.csproj", "{812655A2-E2AC-427F-93E2-CF86D4540941}"
EndProject
Project("{9A19103F-16F7-4668-BE54-9A1E7A4F7556}") = "ConsoleAppTestDataBase", "ConsoleAppTestDataBase\ConsoleAppTestDataBase.csproj", "{02DEBF8A-609D-4F3F-86DB-D3D08EEE8C5C}"
EndProject
Project("{9A19103F-16F7-4668-BE54-9A1E7A4F7556}") = "MixerReportsEditor", "MixerReportsEditor\MixerReportsEditor.csproj", "{F42DCC13-150B-4411-AF9B-1A08A3C2AA5B}"
EndProject
Project("{FAE04EC0-301F-11D3-BF4B-00C04F79EFBC}") = "MixerReportsCorrector", "MixerReportsCorrector\MixerReportsCorrector.csproj", "{FC0C85B5-69D2-4E73-BF78-100EFA63202E}"
EndProject
Global
	GlobalSection(SolutionConfigurationPlatforms) = preSolution
		Debug|Any CPU = Debug|Any CPU
		Release|Any CPU = Release|Any CPU
	EndGlobalSection
	GlobalSection(ProjectConfigurationPlatforms) = postSolution
		{A026183E-A5A9-414E-B22D-3469A9597BEA}.Debug|Any CPU.ActiveCfg = Debug|Any CPU
		{A026183E-A5A9-414E-B22D-3469A9597BEA}.Debug|Any CPU.Build.0 = Debug|Any CPU
		{A026183E-A5A9-414E-B22D-3469A9597BEA}.Release|Any CPU.ActiveCfg = Release|Any CPU
		{A026183E-A5A9-414E-B22D-3469A9597BEA}.Release|Any CPU.Build.0 = Release|Any CPU
		{708E9ACE-6E4C-45B6-B48A-9B5B5AC43EFD}.Debug|Any CPU.ActiveCfg = Debug|Any CPU
		{708E9ACE-6E4C-45B6-B48A-9B5B5AC43EFD}.Debug|Any CPU.Build.0 = Debug|Any CPU
		{708E9ACE-6E4C-45B6-B48A-9B5B5AC43EFD}.Release|Any CPU.ActiveCfg = Release|Any CPU
		{708E9ACE-6E4C-45B6-B48A-9B5B5AC43EFD}.Release|Any CPU.Build.0 = Release|Any CPU
		{812655A2-E2AC-427F-93E2-CF86D4540941}.Debug|Any CPU.ActiveCfg = Debug|Any CPU
		{812655A2-E2AC-427F-93E2-CF86D4540941}.Debug|Any CPU.Build.0 = Debug|Any CPU
		{812655A2-E2AC-427F-93E2-CF86D4540941}.Release|Any CPU.ActiveCfg = Release|Any CPU
		{812655A2-E2AC-427F-93E2-CF86D4540941}.Release|Any CPU.Build.0 = Release|Any CPU
		{02DEBF8A-609D-4F3F-86DB-D3D08EEE8C5C}.Debug|Any CPU.ActiveCfg = Debug|Any CPU
		{02DEBF8A-609D-4F3F-86DB-D3D08EEE8C5C}.Debug|Any CPU.Build.0 = Debug|Any CPU
		{02DEBF8A-609D-4F3F-86DB-D3D08EEE8C5C}.Release|Any CPU.ActiveCfg = Release|Any CPU
		{02DEBF8A-609D-4F3F-86DB-D3D08EEE8C5C}.Release|Any CPU.Build.0 = Release|Any CPU
		{F42DCC13-150B-4411-AF9B-1A08A3C2AA5B}.Debug|Any CPU.ActiveCfg = Debug|Any CPU
		{F42DCC13-150B-4411-AF9B-1A08A3C2AA5B}.Debug|Any CPU.Build.0 = Debug|Any CPU
		{F42DCC13-150B-4411-AF9B-1A08A3C2AA5B}.Release|Any CPU.ActiveCfg = Release|Any CPU
		{F42DCC13-150B-4411-AF9B-1A08A3C2AA5B}.Release|Any CPU.Build.0 = Release|Any CPU
		{FC0C85B5-69D2-4E73-BF78-100EFA63202E}.Debug|Any CPU.ActiveCfg = Debug|Any CPU
		{FC0C85B5-69D2-4E73-BF78-100EFA63202E}.Debug|Any CPU.Build.0 = Debug|Any CPU
		{FC0C85B5-69D2-4E73-BF78-100EFA63202E}.Release|Any CPU.ActiveCfg = Release|Any CPU
		{FC0C85B5-69D2-4E73-BF78-100EFA63202E}.Release|Any CPU.Build.0 = Release|Any CPU
	EndGlobalSection
	GlobalSection(SolutionProperties) = preSolution
		HideSolutionNode = FALSE
	EndGlobalSection
	GlobalSection(NestedProjects) = preSolution
		{812655A2-E2AC-427F-93E2-CF86D4540941} = {453C7D5A-BB30-48F6-B898-B66F09454F6D}
		{02DEBF8A-609D-4F3F-86DB-D3D08EEE8C5C} = {453C7D5A-BB30-48F6-B898-B66F09454F6D}
	EndGlobalSection
	GlobalSection(ExtensibilityGlobals) = postSolution
		SolutionGuid = {6F3E1FE1-C859-47E0-8A33-F291BEBC3573}
	EndGlobalSection
EndGlobal
